
Microsoft Visual Studio Solution File, Format Version 12.00
# Visual Studio Version 17
VisualStudioVersion = 17.8.34511.84
MinimumVisualStudioVersion = 10.0.40219.1
Project("{FAE04EC0-301F-11D3-BF4B-00C04F79EFBC}") = "Q101.TelegramBotTest.WebApi", "Q101.TelegramBotTest.WebApi\Q101.TelegramBotTest.WebApi.csproj", "{8051B6EB-7FDE-4F1F-B1DD-B73CA06485DA}"
EndProject
Global
	GlobalSection(SolutionConfigurationPlatforms) = preSolution
		Debug|Any CPU = Debug|Any CPU
		Release|Any CPU = Release|Any CPU
	EndGlobalSection
	GlobalSection(ProjectConfigurationPlatforms) = postSolution
		{8051B6EB-7FDE-4F1F-B1DD-B73CA06485DA}.Debug|Any CPU.ActiveCfg = Debug|Any CPU
		{8051B6EB-7FDE-4F1F-B1DD-B73CA06485DA}.Debug|Any CPU.Build.0 = Debug|Any CPU
		{8051B6EB-7FDE-4F1F-B1DD-B73CA06485DA}.Release|Any CPU.ActiveCfg = Release|Any CPU
		{8051B6EB-7FDE-4F1F-B1DD-B73CA06485DA}.Release|Any CPU.Build.0 = Release|Any CPU
	EndGlobalSection
	GlobalSection(SolutionProperties) = preSolution
		HideSolutionNode = FALSE
	EndGlobalSection
	GlobalSection(ExtensibilityGlobals) = postSolution
		SolutionGuid = {39F28BEA-1115-457A-9EC6-71904C0368EE}
	EndGlobalSection
EndGlobal
